
Microsoft Visual Studio Solution File, Format Version 12.00
# Visual Studio Version 16
VisualStudioVersion = 16.0.31624.102
MinimumVisualStudioVersion = 10.0.40219.1
Project("{FAE04EC0-301F-11D3-BF4B-00C04F79EFBC}") = "Internetbanken", "Internetbanken\Internetbanken.csproj", "{8FB64DA7-84EA-480E-B7D0-30B34EB07DFE}"
EndProject
Global
	GlobalSection(SolutionConfigurationPlatforms) = preSolution
		Debug|Any CPU = Debug|Any CPU
		Release|Any CPU = Release|Any CPU
	EndGlobalSection
	GlobalSection(ProjectConfigurationPlatforms) = postSolution
		{8FB64DA7-84EA-480E-B7D0-30B34EB07DFE}.Debug|Any CPU.ActiveCfg = Debug|Any CPU
		{8FB64DA7-84EA-480E-B7D0-30B34EB07DFE}.Debug|Any CPU.Build.0 = Debug|Any CPU
		{8FB64DA7-84EA-480E-B7D0-30B34EB07DFE}.Release|Any CPU.ActiveCfg = Release|Any CPU
		{8FB64DA7-84EA-480E-B7D0-30B34EB07DFE}.Release|Any CPU.Build.0 = Release|Any CPU
	EndGlobalSection
	GlobalSection(SolutionProperties) = preSolution
		HideSolutionNode = FALSE
	EndGlobalSection
	GlobalSection(ExtensibilityGlobals) = postSolution
		SolutionGuid = {AE34D237-0222-4B2D-96DD-B245F4DCEFAF}
	EndGlobalSection
EndGlobal
